
Microsoft Visual Studio Solution File, Format Version 12.00
# Visual Studio Version 17
VisualStudioVersion = 17.14.36310.24
MinimumVisualStudioVersion = 10.0.40219.1
Project("{FAE04EC0-301F-11D3-BF4B-00C04F79EFBC}") = "Day1", "Day1\Day1.csproj", "{17A2418B-C5AD-498F-8EF6-27C7ED42759D}"
EndProject
Project("{FAE04EC0-301F-11D3-BF4B-00C04F79EFBC}") = "Day1.Tests", "Day1.Tests\Day1.Tests.csproj", "{B9675DB8-D560-4BB0-A4B4-27EFC90C27D2}"
EndProject
Project("{FAE04EC0-301F-11D3-BF4B-00C04F79EFBC}") = "Day2", "Day2\Day2.csproj", "{4557D4E4-0731-4A29-8CF2-776DA5F8C9C6}"
EndProject
Project("{FAE04EC0-301F-11D3-BF4B-00C04F79EFBC}") = "Day2.Tests", "Day2.Tests\Day2.Tests.csproj", "{CB751171-CCB5-489D-B9EC-BF6A4FD76B44}"
EndProject
Project("{FAE04EC0-301F-11D3-BF4B-00C04F79EFBC}") = "Day3", "Day3\Day3.csproj", "{C2898838-BFCC-4C4A-852F-824A0503D009}"
EndProject
Project("{FAE04EC0-301F-11D3-BF4B-00C04F79EFBC}") = "Day3.Tests", "Day3.Tests\Day3.Tests.csproj", "{F069BA8C-238C-4B47-960B-814B1C5CC3E8}"
EndProject
Project("{FAE04EC0-301F-11D3-BF4B-00C04F79EFBC}") = "Day4", "Day4\Day4.csproj", "{B1496B2B-9510-4F86-A4C5-670EAB64527E}"
EndProject
Project("{FAE04EC0-301F-11D3-BF4B-00C04F79EFBC}") = "Day4.Tests", "Day4.Tests\Day4.Tests.csproj", "{8C62AD79-06FE-4A78-A78C-1DB94E255370}"
EndProject
Project("{FAE04EC0-301F-11D3-BF4B-00C04F79EFBC}") = "Day5", "Day5\Day5.csproj", "{19FDF516-F89F-44D6-8223-D69AA22324C4}"
EndProject
Project("{FAE04EC0-301F-11D3-BF4B-00C04F79EFBC}") = "Day5.Tests", "Day5.Tests\Day5.Tests.csproj", "{D247DB9E-E2C9-4F87-B784-D40993027FC1}"
EndProject
Project("{FAE04EC0-301F-11D3-BF4B-00C04F79EFBC}") = "Day6", "Day6\Day6.csproj", "{EE5C082B-6D5D-4C3D-A6C4-48512EA3313C}"
EndProject
Project("{FAE04EC0-301F-11D3-BF4B-00C04F79EFBC}") = "Day6.Tests", "Day6.Tests\Day6.Tests.csproj", "{1B89C5DA-D414-42F9-8810-BC63B0513A0D}"
EndProject
Project("{FAE04EC0-301F-11D3-BF4B-00C04F79EFBC}") = "Day7", "Day7\Day7.csproj", "{B706EF20-E824-4140-8EA0-833229129CAB}"
EndProject
Project("{FAE04EC0-301F-11D3-BF4B-00C04F79EFBC}") = "Day7.Tests", "Day7.Tests\Day7.Tests.csproj", "{FD0E9764-4E0C-48C6-82A6-7A9EDDD99B3E}"
EndProject
Project("{FAE04EC0-301F-11D3-BF4B-00C04F79EFBC}") = "Day8", "Day8\Day8.csproj", "{91E1CAB1-2F6C-49F7-9D3C-5C1A995E436C}"
EndProject
Project("{FAE04EC0-301F-11D3-BF4B-00C04F79EFBC}") = "Day9", "Day9\Day9.csproj", "{532B7945-8357-4458-B83F-C9662D0E30AF}"
EndProject
Project("{FAE04EC0-301F-11D3-BF4B-00C04F79EFBC}") = "Day9.Tests", "Day9.Tests\Day9.Tests.csproj", "{D2C2FD81-4F4E-4AD2-BAC2-13CC95AFC973}"
EndProject
Global
	GlobalSection(SolutionConfigurationPlatforms) = preSolution
		Debug|Any CPU = Debug|Any CPU
		Release|Any CPU = Release|Any CPU
	EndGlobalSection
	GlobalSection(ProjectConfigurationPlatforms) = postSolution
		{17A2418B-C5AD-498F-8EF6-27C7ED42759D}.Debug|Any CPU.ActiveCfg = Debug|Any CPU
		{17A2418B-C5AD-498F-8EF6-27C7ED42759D}.Debug|Any CPU.Build.0 = Debug|Any CPU
		{17A2418B-C5AD-498F-8EF6-27C7ED42759D}.Release|Any CPU.ActiveCfg = Release|Any CPU
		{17A2418B-C5AD-498F-8EF6-27C7ED42759D}.Release|Any CPU.Build.0 = Release|Any CPU
		{B9675DB8-D560-4BB0-A4B4-27EFC90C27D2}.Debug|Any CPU.ActiveCfg = Debug|Any CPU
		{B9675DB8-D560-4BB0-A4B4-27EFC90C27D2}.Debug|Any CPU.Build.0 = Debug|Any CPU
		{B9675DB8-D560-4BB0-A4B4-27EFC90C27D2}.Release|Any CPU.ActiveCfg = Release|Any CPU
		{B9675DB8-D560-4BB0-A4B4-27EFC90C27D2}.Release|Any CPU.Build.0 = Release|Any CPU
		{4557D4E4-0731-4A29-8CF2-776DA5F8C9C6}.Debug|Any CPU.ActiveCfg = Debug|Any CPU
		{4557D4E4-0731-4A29-8CF2-776DA5F8C9C6}.Debug|Any CPU.Build.0 = Debug|Any CPU
		{4557D4E4-0731-4A29-8CF2-776DA5F8C9C6}.Release|Any CPU.ActiveCfg = Release|Any CPU
		{4557D4E4-0731-4A29-8CF2-776DA5F8C9C6}.Release|Any CPU.Build.0 = Release|Any CPU
		{CB751171-CCB5-489D-B9EC-BF6A4FD76B44}.Debug|Any CPU.ActiveCfg = Debug|Any CPU
		{CB751171-CCB5-489D-B9EC-BF6A4FD76B44}.Debug|Any CPU.Build.0 = Debug|Any CPU
		{CB751171-CCB5-489D-B9EC-BF6A4FD76B44}.Release|Any CPU.ActiveCfg = Release|Any CPU
		{CB751171-CCB5-489D-B9EC-BF6A4FD76B44}.Release|Any CPU.Build.0 = Release|Any CPU
		{C2898838-BFCC-4C4A-852F-824A0503D009}.Debug|Any CPU.ActiveCfg = Debug|Any CPU
		{C2898838-BFCC-4C4A-852F-824A0503D009}.Debug|Any CPU.Build.0 = Debug|Any CPU
		{C2898838-BFCC-4C4A-852F-824A0503D009}.Release|Any CPU.ActiveCfg = Release|Any CPU
		{C2898838-BFCC-4C4A-852F-824A0503D009}.Release|Any CPU.Build.0 = Release|Any CPU
		{F069BA8C-238C-4B47-960B-814B1C5CC3E8}.Debug|Any CPU.ActiveCfg = Debug|Any CPU
		{F069BA8C-238C-4B47-960B-814B1C5CC3E8}.Debug|Any CPU.Build.0 = Debug|Any CPU
		{F069BA8C-238C-4B47-960B-814B1C5CC3E8}.Release|Any CPU.ActiveCfg = Release|Any CPU
		{F069BA8C-238C-4B47-960B-814B1C5CC3E8}.Release|Any CPU.Build.0 = Release|Any CPU
		{B1496B2B-9510-4F86-A4C5-670EAB64527E}.Debug|Any CPU.ActiveCfg = Debug|Any CPU
		{B1496B2B-9510-4F86-A4C5-670EAB64527E}.Debug|Any CPU.Build.0 = Debug|Any CPU
		{B1496B2B-9510-4F86-A4C5-670EAB64527E}.Release|Any CPU.ActiveCfg = Release|Any CPU
		{B1496B2B-9510-4F86-A4C5-670EAB64527E}.Release|Any CPU.Build.0 = Release|Any CPU
		{8C62AD79-06FE-4A78-A78C-1DB94E255370}.Debug|Any CPU.ActiveCfg = Debug|Any CPU
		{8C62AD79-06FE-4A78-A78C-1DB94E255370}.Debug|Any CPU.Build.0 = Debug|Any CPU
		{8C62AD79-06FE-4A78-A78C-1DB94E255370}.Release|Any CPU.ActiveCfg = Release|Any CPU
		{8C62AD79-06FE-4A78-A78C-1DB94E255370}.Release|Any CPU.Build.0 = Release|Any CPU
		{19FDF516-F89F-44D6-8223-D69AA22324C4}.Debug|Any CPU.ActiveCfg = Debug|Any CPU
		{19FDF516-F89F-44D6-8223-D69AA22324C4}.Debug|Any CPU.Build.0 = Debug|Any CPU
		{19FDF516-F89F-44D6-8223-D69AA22324C4}.Release|Any CPU.ActiveCfg = Release|Any CPU
		{19FDF516-F89F-44D6-8223-D69AA22324C4}.Release|Any CPU.Build.0 = Release|Any CPU
		{D247DB9E-E2C9-4F87-B784-D40993027FC1}.Debug|Any CPU.ActiveCfg = Debug|Any CPU
		{D247DB9E-E2C9-4F87-B784-D40993027FC1}.Debug|Any CPU.Build.0 = Debug|Any CPU
		{D247DB9E-E2C9-4F87-B784-D40993027FC1}.Release|Any CPU.ActiveCfg = Release|Any CPU
		{D247DB9E-E2C9-4F87-B784-D40993027FC1}.Release|Any CPU.Build.0 = Release|Any CPU
		{EE5C082B-6D5D-4C3D-A6C4-48512EA3313C}.Debug|Any CPU.ActiveCfg = Debug|Any CPU
		{EE5C082B-6D5D-4C3D-A6C4-48512EA3313C}.Debug|Any CPU.Build.0 = Debug|Any CPU
		{EE5C082B-6D5D-4C3D-A6C4-48512EA3313C}.Release|Any CPU.ActiveCfg = Release|Any CPU
		{EE5C082B-6D5D-4C3D-A6C4-48512EA3313C}.Release|Any CPU.Build.0 = Release|Any CPU
		{1B89C5DA-D414-42F9-8810-BC63B0513A0D}.Debug|Any CPU.ActiveCfg = Debug|Any CPU
		{1B89C5DA-D414-42F9-8810-BC63B0513A0D}.Debug|Any CPU.Build.0 = Debug|Any CPU
		{1B89C5DA-D414-42F9-8810-BC63B0513A0D}.Release|Any CPU.ActiveCfg = Release|Any CPU
		{1B89C5DA-D414-42F9-8810-BC63B0513A0D}.Release|Any CPU.Build.0 = Release|Any CPU
		{B706EF20-E824-4140-8EA0-833229129CAB}.Debug|Any CPU.ActiveCfg = Debug|Any CPU
		{B706EF20-E824-4140-8EA0-833229129CAB}.Debug|Any CPU.Build.0 = Debug|Any CPU
		{B706EF20-E824-4140-8EA0-833229129CAB}.Release|Any CPU.ActiveCfg = Release|Any CPU
		{B706EF20-E824-4140-8EA0-833229129CAB}.Release|Any CPU.Build.0 = Release|Any CPU
		{FD0E9764-4E0C-48C6-82A6-7A9EDDD99B3E}.Debug|Any CPU.ActiveCfg = Debug|Any CPU
		{FD0E9764-4E0C-48C6-82A6-7A9EDDD99B3E}.Debug|Any CPU.Build.0 = Debug|Any CPU
		{FD0E9764-4E0C-48C6-82A6-7A9EDDD99B3E}.Release|Any CPU.ActiveCfg = Release|Any CPU
		{FD0E9764-4E0C-48C6-82A6-7A9EDDD99B3E}.Release|Any CPU.Build.0 = Release|Any CPU
		{91E1CAB1-2F6C-49F7-9D3C-5C1A995E436C}.Debug|Any CPU.ActiveCfg = Debug|Any CPU
		{91E1CAB1-2F6C-49F7-9D3C-5C1A995E436C}.Debug|Any CPU.Build.0 = Debug|Any CPU
		{91E1CAB1-2F6C-49F7-9D3C-5C1A995E436C}.Release|Any CPU.ActiveCfg = Release|Any CPU
		{91E1CAB1-2F6C-49F7-9D3C-5C1A995E436C}.Release|Any CPU.Build.0 = Release|Any CPU
		{532B7945-8357-4458-B83F-C9662D0E30AF}.Debug|Any CPU.ActiveCfg = Debug|Any CPU
		{532B7945-8357-4458-B83F-C9662D0E30AF}.Debug|Any CPU.Build.0 = Debug|Any CPU
		{532B7945-8357-4458-B83F-C9662D0E30AF}.Release|Any CPU.ActiveCfg = Release|Any CPU
		{532B7945-8357-4458-B83F-C9662D0E30AF}.Release|Any CPU.Build.0 = Release|Any CPU
		{D2C2FD81-4F4E-4AD2-BAC2-13CC95AFC973}.Debug|Any CPU.ActiveCfg = Debug|Any CPU
		{D2C2FD81-4F4E-4AD2-BAC2-13CC95AFC973}.Debug|Any CPU.Build.0 = Debug|Any CPU
		{D2C2FD81-4F4E-4AD2-BAC2-13CC95AFC973}.Release|Any CPU.ActiveCfg = Release|Any CPU
		{D2C2FD81-4F4E-4AD2-BAC2-13CC95AFC973}.Release|Any CPU.Build.0 = Release|Any CPU
	EndGlobalSection
	GlobalSection(SolutionProperties) = preSolution
		HideSolutionNode = FALSE
	EndGlobalSection
	GlobalSection(ExtensibilityGlobals) = postSolution
		SolutionGuid = {BEAF5BA8-F53A-4755-A525-21A45E72E78B}
	EndGlobalSection
EndGlobal
